
Microsoft Visual Studio Solution File, Format Version 12.00
# Visual Studio Version 17
VisualStudioVersion = 17.6.33829.357
MinimumVisualStudioVersion = 10.0.40219.1
Project("{FAE04EC0-301F-11D3-BF4B-00C04F79EFBC}") = "ApiClientesNet6", "ApiClientesNet6\ApiClientesNet6.csproj", "{3F4B86D2-F854-4148-9604-43037A13118D}"
EndProject
Global
	GlobalSection(SolutionConfigurationPlatforms) = preSolution
		Debug|Any CPU = Debug|Any CPU
		Release|Any CPU = Release|Any CPU
	EndGlobalSection
	GlobalSection(ProjectConfigurationPlatforms) = postSolution
		{3F4B86D2-F854-4148-9604-43037A13118D}.Debug|Any CPU.ActiveCfg = Debug|Any CPU
		{3F4B86D2-F854-4148-9604-43037A13118D}.Debug|Any CPU.Build.0 = Debug|Any CPU
		{3F4B86D2-F854-4148-9604-43037A13118D}.Release|Any CPU.ActiveCfg = Release|Any CPU
		{3F4B86D2-F854-4148-9604-43037A13118D}.Release|Any CPU.Build.0 = Release|Any CPU
	EndGlobalSection
	GlobalSection(SolutionProperties) = preSolution
		HideSolutionNode = FALSE
	EndGlobalSection
	GlobalSection(ExtensibilityGlobals) = postSolution
		SolutionGuid = {86CB6BFC-1C0F-4EDA-98AD-CAC69DE3E311}
	EndGlobalSection
EndGlobal
